// !$*UTF8*$!
{
	archiveVersion = 1;
	classes = {
	};
	objectVersion = 56;
	objects = {

/* Begin PBXBuildFile section */
		C3B582682AAB4E3700322E27 /* ALM_APP_Dem0App.swift in Sources */ = {isa = PBXBuildFile; fileRef = C3B582672AAB4E3700322E27 /* ALM_APP_Dem0App.swift */; };
		C3B5826A2AAB4E3700322E27 /* ContentView.swift in Sources */ = {isa = PBXBuildFile; fileRef = C3B582692AAB4E3700322E27 /* ContentView.swift */; };
		C3B5826C2AAB4E3B00322E27 /* Assets.xcassets in Resources */ = {isa = PBXBuildFile; fileRef = C3B5826B2AAB4E3B00322E27 /* Assets.xcassets */; };
		C3B5826F2AAB4E3B00322E27 /* Preview Assets.xcassets in Resources */ = {isa = PBXBuildFile; fileRef = C3B5826E2AAB4E3B00322E27 /* Preview Assets.xcassets */; };
		C3B582792AAB4E3B00322E27 /* ALM_APP_Dem0Tests.swift in Sources */ = {isa = PBXBuildFile; fileRef = C3B582782AAB4E3B00322E27 /* ALM_APP_Dem0Tests.swift */; };
/* End PBXBuildFile section */

/* Begin PBXContainerItemProxy section */
		C3B582752AAB4E3B00322E27 /* PBXContainerItemProxy */ = {
			isa = PBXContainerItemProxy;
			containerPortal = C3B5825C2AAB4E3700322E27 /* Project object */;
			proxyType = 1;
			remoteGlobalIDString = C3B582632AAB4E3700322E27;
			remoteInfo = "ALM APP Dem0";
		};
/* End PBXContainerItemProxy section */

/* Begin PBXFileReference section */
		C352D6962AAF0D2100E65F8A /* ALM APP Dem0.xctestplan */ = {isa = PBXFileReference; lastKnownFileType = text; path = "ALM APP Dem0.xctestplan"; sourceTree = "<group>"; };
		C3B582642AAB4E3700322E27 /* ALM APP Dem0.app */ = {isa = PBXFileReference; explicitFileType = wrapper.application; includeInIndex = 0; path = "ALM APP Dem0.app"; sourceTree = BUILT_PRODUCTS_DIR; };
		C3B582672AAB4E3700322E27 /* ALM_APP_Dem0App.swift */ = {isa = PBXFileReference; lastKnownFileType = sourcecode.swift; path = ALM_APP_Dem0App.swift; sourceTree = "<group>"; };
		C3B582692AAB4E3700322E27 /* ContentView.swift */ = {isa = PBXFileReference; lastKnownFileType = sourcecode.swift; path = ContentView.swift; sourceTree = "<group>"; };
		C3B5826B2AAB4E3B00322E27 /* Assets.xcassets */ = {isa = PBXFileReference; lastKnownFileType = folder.assetcatalog; path = Assets.xcassets; sourceTree = "<group>"; };
		C3B5826E2AAB4E3B00322E27 /* Preview Assets.xcassets */ = {isa = PBXFileReference; lastKnownFileType = folder.assetcatalog; path = "Preview Assets.xcassets"; sourceTree = "<group>"; };
		C3B582742AAB4E3B00322E27 /* ALM APP Dem0Tests.xctest */ = {isa = PBXFileReference; explicitFileType = wrapper.cfbundle; includeInIndex = 0; path = "ALM APP Dem0Tests.xctest"; sourceTree = BUILT_PRODUCTS_DIR; };
		C3B582782AAB4E3B00322E27 /* ALM_APP_Dem0Tests.swift */ = {isa = PBXFileReference; lastKnownFileType = sourcecode.swift; path = ALM_APP_Dem0Tests.swift; sourceTree = "<group>"; };
/* End PBXFileReference section */

/* Begin PBXFrameworksBuildPhase section */
		C3B582612AAB4E3700322E27 /* Frameworks */ = {
			isa = PBXFrameworksBuildPhase;
			buildActionMask = 2147483647;
			files = (
			);
			runOnlyForDeploymentPostprocessing = 0;
		};
		C3B582712AAB4E3B00322E27 /* Frameworks */ = {
			isa = PBXFrameworksBuildPhase;
			buildActionMask = 2147483647;
			files = (
			);
			runOnlyForDeploymentPostprocessing = 0;
		};
/* End PBXFrameworksBuildPhase section */

/* Begin PBXGroup section */
		C3B5825B2AAB4E3700322E27 = {
			isa = PBXGroup;
			children = (
				C352D6962AAF0D2100E65F8A /* ALM APP Dem0.xctestplan */,
				C3B582662AAB4E3700322E27 /* ALM APP Dem0 */,
				C3B582772AAB4E3B00322E27 /* ALM APP Dem0Tests */,
				C3B582652AAB4E3700322E27 /* Products */,
			);
			sourceTree = "<group>";
		};
		C3B582652AAB4E3700322E27 /* Products */ = {
			isa = PBXGroup;
			children = (
				C3B582642AAB4E3700322E27 /* ALM APP Dem0.app */,
				C3B582742AAB4E3B00322E27 /* ALM APP Dem0Tests.xctest */,
			);
			name = Products;
			sourceTree = "<group>";
		};
		C3B582662AAB4E3700322E27 /* ALM APP Dem0 */ = {
			isa = PBXGroup;
			children = (
				C3B582672AAB4E3700322E27 /* ALM_APP_Dem0App.swift */,
				C3B582692AAB4E3700322E27 /* ContentView.swift */,
				C3B5826B2AAB4E3B00322E27 /* Assets.xcassets */,
				C3B5826D2AAB4E3B00322E27 /* Preview Content */,
			);
			path = "ALM APP Dem0";
			sourceTree = "<group>";
		};
		C3B5826D2AAB4E3B00322E27 /* Preview Content */ = {
			isa = PBXGroup;
			children = (
				C3B5826E2AAB4E3B00322E27 /* Preview Assets.xcassets */,
			);
			path = "Preview Content";
			sourceTree = "<group>";
		};
		C3B582772AAB4E3B00322E27 /* ALM APP Dem0Tests */ = {
			isa = PBXGroup;
			children = (
				C3B582782AAB4E3B00322E27 /* ALM_APP_Dem0Tests.swift */,
			);
			path = "ALM APP Dem0Tests";
			sourceTree = "<group>";
		};
/* End PBXGroup section */

/* Begin PBXNativeTarget section */
		C3B582632AAB4E3700322E27 /* ALM APP Dem0 */ = {
			isa = PBXNativeTarget;
			buildConfigurationList = C3B582882AAB4E3B00322E27 /* Build configuration list for PBXNativeTarget "ALM APP Dem0" */;
			buildPhases = (
				C3B582602AAB4E3700322E27 /* Sources */,
				C3B582612AAB4E3700322E27 /* Frameworks */,
				C3B582622AAB4E3700322E27 /* Resources */,
			);
			buildRules = (
			);
			dependencies = (
			);
			name = "ALM APP Dem0";
			productName = "ALM APP Dem0";
			productReference = C3B582642AAB4E3700322E27 /* ALM APP Dem0.app */;
			productType = "com.apple.product-type.application";
		};
		C3B582732AAB4E3B00322E27 /* ALM APP Dem0Tests */ = {
			isa = PBXNativeTarget;
			buildConfigurationList = C3B5828B2AAB4E3B00322E27 /* Build configuration list for PBXNativeTarget "ALM APP Dem0Tests" */;
			buildPhases = (
				C3B582702AAB4E3B00322E27 /* Sources */,
				C3B582712AAB4E3B00322E27 /* Frameworks */,
				C3B582722AAB4E3B00322E27 /* Resources */,
			);
			buildRules = (
			);
			dependencies = (
				C3B582762AAB4E3B00322E27 /* PBXTargetDependency */,
			);
			name = "ALM APP Dem0Tests";
			productName = "ALM APP Dem0Tests";
			productReference = C3B582742AAB4E3B00322E27 /* ALM APP Dem0Tests.xctest */;
			productType = "com.apple.product-type.bundle.unit-test";
		};
/* End PBXNativeTarget section */

/* Begin PBXProject section */
		C3B5825C2AAB4E3700322E27 /* Project object */ = {
			isa = PBXProject;
			attributes = {
				BuildIndependentTargetsInParallel = 1;
				LastSwiftUpdateCheck = 1430;
				LastUpgradeCheck = 1430;
				TargetAttributes = {
					C3B582632AAB4E3700322E27 = {
						CreatedOnToolsVersion = 14.3.1;
					};
					C3B582732AAB4E3B00322E27 = {
						CreatedOnToolsVersion = 14.3.1;
						TestTargetID = C3B582632AAB4E3700322E27;
					};
				};
			};
			buildConfigurationList = C3B5825F2AAB4E3700322E27 /* Build configuration list for PBXProject "ALM APP Dem0" */;
			compatibilityVersion = "Xcode 14.0";
			developmentRegion = en;
			hasScannedForEncodings = 0;
			knownRegions = (
				en,
				Base,
			);
			mainGroup = C3B5825B2AAB4E3700322E27;
			productRefGroup = C3B582652AAB4E3700322E27 /* Products */;
			projectDirPath = "";
			projectRoot = "";
			targets = (
				C3B582632AAB4E3700322E27 /* ALM APP Dem0 */,
				C3B582732AAB4E3B00322E27 /* ALM APP Dem0Tests */,
			);
		};
/* End PBXProject section */

/* Begin PBXResourcesBuildPhase section */
		C3B582622AAB4E3700322E27 /* Resources */ = {
			isa = PBXResourcesBuildPhase;
			buildActionMask = 2147483647;
			files = (
				C3B5826F2AAB4E3B00322E27 /* Preview Assets.xcassets in Resources */,
				C3B5826C2AAB4E3B00322E27 /* Assets.xcassets in Resources */,
			);
			runOnlyForDeploymentPostprocessing = 0;
		};
		C3B582722AAB4E3B00322E27 /* Resources */ = {
			isa = PBXResourcesBuildPhase;
			buildActionMask = 2147483647;
			files = (
			);
			runOnlyForDeploymentPostprocessing = 0;
		};
/* End PBXResourcesBuildPhase section */

/* Begin PBXSourcesBuildPhase section */
		C3B582602AAB4E3700322E27 /* Sources */ = {
			isa = PBXSourcesBuildPhase;
			buildActionMask = 2147483647;
			files = (
				C3B5826A2AAB4E3700322E27 /* ContentView.swift in Sources */,
				C3B582682AAB4E3700322E27 /* ALM_APP_Dem0App.swift in Sources */,
			);
			runOnlyForDeploymentPostprocessing = 0;
		};
		C3B582702AAB4E3B00322E27 /* Sources */ = {
			isa = PBXSourcesBuildPhase;
			buildActionMask = 2147483647;
			files = (
				C3B582792AAB4E3B00322E27 /* ALM_APP_Dem0Tests.swift in Sources */,
			);
			runOnlyForDeploymentPostprocessing = 0;
		};
/* End PBXSourcesBuildPhase section */

/* Begin PBXTargetDependency section */
		C3B582762AAB4E3B00322E27 /* PBXTargetDependency */ = {
			isa = PBXTargetDependency;
			target = C3B582632AAB4E3700322E27 /* ALM APP Dem0 */;
			targetProxy = C3B582752AAB4E3B00322E27 /* PBXContainerItemProxy */;
		};
/* End PBXTargetDependency section */

/* Begin XCBuildConfiguration section */
		C3B582862AAB4E3B00322E27 /* Debug */ = {
			isa = XCBuildConfiguration;
			buildSettings = {
				ALWAYS_SEARCH_USER_PATHS = NO;
				CLANG_ANALYZER_NONNULL = YES;
				CLANG_ANALYZER_NUMBER_OBJECT_CONVERSION = YES_AGGRESSIVE;
				CLANG_CXX_LANGUAGE_STANDARD = "gnu++20";
				CLANG_ENABLE_MODULES = YES;
				CLANG_ENABLE_OBJC_ARC = YES;
				CLANG_ENABLE_OBJC_WEAK = YES;
				CLANG_WARN_BLOCK_CAPTURE_AUTORELEASING = YES;
				CLANG_WARN_BOOL_CONVERSION = YES;
				CLANG_WARN_COMMA = YES;
				CLANG_WARN_CONSTANT_CONVERSION = YES;
				CLANG_WARN_DEPRECATED_OBJC_IMPLEMENTATIONS = YES;
				CLANG_WARN_DIRECT_OBJC_ISA_USAGE = YES_ERROR;
				CLANG_WARN_DOCUMENTATION_COMMENTS = YES;
				CLANG_WARN_EMPTY_BODY = YES;
				CLANG_WARN_ENUM_CONVERSION = YES;
				CLANG_WARN_INFINITE_RECURSION = YES;
				CLANG_WARN_INT_CONVERSION = YES;
				CLANG_WARN_NON_LITERAL_NULL_CONVERSION = YES;
				CLANG_WARN_OBJC_IMPLICIT_RETAIN_SELF = YES;
				CLANG_WARN_OBJC_LITERAL_CONVERSION = YES;
				CLANG_WARN_OBJC_ROOT_CLASS = YES_ERROR;
				CLANG_WARN_QUOTED_INCLUDE_IN_FRAMEWORK_HEADER = YES;
				CLANG_WARN_RANGE_LOOP_ANALYSIS = YES;
				CLANG_WARN_STRICT_PROTOTYPES = YES;
				CLANG_WARN_SUSPICIOUS_MOVE = YES;
				CLANG_WARN_UNGUARDED_AVAILABILITY = YES_AGGRESSIVE;
				CLANG_WARN_UNREACHABLE_CODE = YES;
				CLANG_WARN__DUPLICATE_METHOD_MATCH = YES;
				COPY_PHASE_STRIP = NO;
				DEBUG_INFORMATION_FORMAT = dwarf;
				ENABLE_STRICT_OBJC_MSGSEND = YES;
				ENABLE_TESTABILITY = YES;
				ENABLE_TESTING_SEARCH_PATHS = YES;
				GCC_C_LANGUAGE_STANDARD = gnu11;
				GCC_DYNAMIC_NO_PIC = NO;
				GCC_NO_COMMON_BLOCKS = YES;
				GCC_OPTIMIZATION_LEVEL = 0;
				GCC_PREPROCESSOR_DEFINITIONS = (
					"DEBUG=1",
					"$(inherited)",
				);
				GCC_WARN_64_TO_32_BIT_CONVERSION = YES;
				GCC_WARN_ABOUT_RETURN_TYPE = YES_ERROR;
				GCC_WARN_UNDECLARED_SELECTOR = YES;
				GCC_WARN_UNINITIALIZED_AUTOS = YES_AGGRESSIVE;
				GCC_WARN_UNUSED_FUNCTION = YES;
				GCC_WARN_UNUSED_VARIABLE = YES;
				IPHONEOS_DEPLOYMENT_TARGET = 16.4;
				MTL_ENABLE_DEBUG_INFO = INCLUDE_SOURCE;
				MTL_FAST_MATH = YES;
				ONLY_ACTIVE_ARCH = YES;
				SDKROOT = iphoneos;
				SWIFT_ACTIVE_COMPILATION_CONDITIONS = DEBUG;
				SWIFT_OPTIMIZATION_LEVEL = "-Onone";
			};
			name = Debug;
		};
		C3B582872AAB4E3B00322E27 /* Release */ = {
			isa = XCBuildConfiguration;
			buildSettings = {
				ALWAYS_SEARCH_USER_PATHS = NO;
				CLANG_ANALYZER_NONNULL = YES;
				CLANG_ANALYZER_NUMBER_OBJECT_CONVERSION = YES_AGGRESSIVE;
				CLANG_CXX_LANGUAGE_STANDARD = "gnu++20";
				CLANG_ENABLE_MODULES = YES;
				CLANG_ENABLE_OBJC_ARC = YES;
				CLANG_ENABLE_OBJC_WEAK = YES;
				CLANG_WARN_BLOCK_CAPTURE_AUTORELEASING = YES;
				CLANG_WARN_BOOL_CONVERSION = YES;
				CLANG_WARN_COMMA = YES;
				CLANG_WARN_CONSTANT_CONVERSION = YES;
				CLANG_WARN_DEPRECATED_OBJC_IMPLEMENTATIONS = YES;
				CLANG_WARN_DIRECT_OBJC_ISA_USAGE = YES_ERROR;
				CLANG_WARN_DOCUMENTATION_COMMENTS = YES;
				CLANG_WARN_EMPTY_BODY = YES;
				CLANG_WARN_ENUM_CONVERSION = YES;
				CLANG_WARN_INFINITE_RECURSION = YES;
				CLANG_WARN_INT_CONVERSION = YES;
				CLANG_WARN_NON_LITERAL_NULL_CONVERSION = YES;
				CLANG_WARN_OBJC_IMPLICIT_RETAIN_SELF = YES;
				CLANG_WARN_OBJC_LITERAL_CONVERSION = YES;
				CLANG_WARN_OBJC_ROOT_CLASS = YES_ERROR;
				CLANG_WARN_QUOTED_INCLUDE_IN_FRAMEWORK_HEADER = YES;
				CLANG_WARN_RANGE_LOOP_ANALYSIS = YES;
				CLANG_WARN_STRICT_PROTOTYPES = YES;
				CLANG_WARN_SUSPICIOUS_MOVE = YES;
				CLANG_WARN_UNGUARDED_AVAILABILITY = YES_AGGRESSIVE;
				CLANG_WARN_UNREACHABLE_CODE = YES;
				CLANG_WARN__DUPLICATE_METHOD_MATCH = YES;
				COPY_PHASE_STRIP = NO;
				DEBUG_INFORMATION_FORMAT = "dwarf-with-dsym";
				ENABLE_NS_ASSERTIONS = NO;
				ENABLE_STRICT_OBJC_MSGSEND = YES;
				ENABLE_TESTING_SEARCH_PATHS = YES;
				GCC_C_LANGUAGE_STANDARD = gnu11;
				GCC_NO_COMMON_BLOCKS = YES;
				GCC_WARN_64_TO_32_BIT_CONVERSION = YES;
				GCC_WARN_ABOUT_RETURN_TYPE = YES_ERROR;
				GCC_WARN_UNDECLARED_SELECTOR = YES;
				GCC_WARN_UNINITIALIZED_AUTOS = YES_AGGRESSIVE;
				GCC_WARN_UNUSED_FUNCTION = YES;
				GCC_WARN_UNUSED_VARIABLE = YES;
				IPHONEOS_DEPLOYMENT_TARGET = 16.4;
				MTL_ENABLE_DEBUG_INFO = NO;
				MTL_FAST_MATH = YES;
				SDKROOT = iphoneos;
				SWIFT_COMPILATION_MODE = wholemodule;
				SWIFT_OPTIMIZATION_LEVEL = "-O";
				VALIDATE_PRODUCT = YES;
			};
			name = Release;
		};
		C3B582892AAB4E3B00322E27 /* Debug */ = {
			isa = XCBuildConfiguration;
			buildSettings = {
				ASSETCATALOG_COMPILER_APPICON_NAME = AppIcon;
				ASSETCATALOG_COMPILER_GLOBAL_ACCENT_COLOR_NAME = AccentColor;
				"CODE_SIGN_IDENTITY[sdk=iphoneos*]" = "iPhone Distribution";
				CODE_SIGN_STYLE = Manual;
				CURRENT_PROJECT_VERSION = 1;
				DEVELOPMENT_ASSET_PATHS = "\"ALM APP Dem0/Preview Content\"";
				DEVELOPMENT_TEAM = "";
				"DEVELOPMENT_TEAM[sdk=iphoneos*]" = VB78Y67GX6;
				ENABLE_PREVIEWS = YES;
				GENERATE_INFOPLIST_FILE = YES;
				INFOPLIST_KEY_UIApplicationSceneManifest_Generation = YES;
				INFOPLIST_KEY_UIApplicationSupportsIndirectInputEvents = YES;
				INFOPLIST_KEY_UILaunchScreen_Generation = YES;
				INFOPLIST_KEY_UISupportedInterfaceOrientations_iPad = "UIInterfaceOrientationPortrait UIInterfaceOrientationPortraitUpsideDown UIInterfaceOrientationLandscapeLeft UIInterfaceOrientationLandscapeRight";
				INFOPLIST_KEY_UISupportedInterfaceOrientations_iPhone = "UIInterfaceOrientationPortrait UIInterfaceOrientationLandscapeLeft UIInterfaceOrientationLandscapeRight";
				LD_RUNPATH_SEARCH_PATHS = (
					"$(inherited)",
					"@executable_path/Frameworks",
				);
				MARKETING_VERSION = 1.0;
				PRODUCT_BUNDLE_IDENTIFIER = almapp.cybage.com;
				PRODUCT_NAME = "$(TARGET_NAME)";
				PROVISIONING_PROFILE_SPECIFIER = "";
				"PROVISIONING_PROFILE_SPECIFIER[sdk=iphoneos*]" = "ALM APP Dem0";
				SWIFT_EMIT_LOC_STRINGS = YES;
				SWIFT_VERSION = 5.0;
				TARGETED_DEVICE_FAMILY = "1,2";
			};
			name = Debug;
		};
		C3B5828A2AAB4E3B00322E27 /* Release */ = {
			isa = XCBuildConfiguration;
			buildSettings = {
				ASSETCATALOG_COMPILER_APPICON_NAME = AppIcon;
				ASSETCATALOG_COMPILER_GLOBAL_ACCENT_COLOR_NAME = AccentColor;
				"CODE_SIGN_IDENTITY[sdk=iphoneos*]" = "iPhone Distribution";
				CODE_SIGN_STYLE = Manual;
				CURRENT_PROJECT_VERSION = 1;
				DEVELOPMENT_ASSET_PATHS = "\"ALM APP Dem0/Preview Content\"";
				DEVELOPMENT_TEAM = "";
				"DEVELOPMENT_TEAM[sdk=iphoneos*]" = VB78Y67GX6;
				ENABLE_PREVIEWS = YES;
				GENERATE_INFOPLIST_FILE = YES;
				INFOPLIST_KEY_UIApplicationSceneManifest_Generation = YES;
				INFOPLIST_KEY_UIApplicationSupportsIndirectInputEvents = YES;
				INFOPLIST_KEY_UILaunchScreen_Generation = YES;
				INFOPLIST_KEY_UISupportedInterfaceOrientations_iPad = "UIInterfaceOrientationPortrait UIInterfaceOrientationPortraitUpsideDown UIInterfaceOrientationLandscapeLeft UIInterfaceOrientationLandscapeRight";
				INFOPLIST_KEY_UISupportedInterfaceOrientations_iPhone = "UIInterfaceOrientationPortrait UIInterfaceOrientationLandscapeLeft UIInterfaceOrientationLandscapeRight";
				LD_RUNPATH_SEARCH_PATHS = (
					"$(inherited)",
					"@executable_path/Frameworks",
				);
				MARKETING_VERSION = 1.0;
				PRODUCT_BUNDLE_IDENTIFIER = almapp.cybage.com;
				PRODUCT_NAME = "$(TARGET_NAME)";
				PROVISIONING_PROFILE_SPECIFIER = "";
				"PROVISIONING_PROFILE_SPECIFIER[sdk=iphoneos*]" = "ALM APP Dem0";
				SWIFT_EMIT_LOC_STRINGS = YES;
				SWIFT_VERSION = 5.0;
				TARGETED_DEVICE_FAMILY = "1,2";
			};
			name = Release;
		};
		C3B5828C2AAB4E3B00322E27 /* Debug */ = {
			isa = XCBuildConfiguration;
			buildSettings = {
				ALWAYS_EMBED_SWIFT_STANDARD_LIBRARIES = YES;
				BUNDLE_LOADER = "$(TEST_HOST)";
				CODE_SIGN_IDENTITY = "Apple Development";
				"CODE_SIGN_IDENTITY[sdk=iphoneos*]" = "iPhone Distribution";
				CODE_SIGN_STYLE = Manual;
				CURRENT_PROJECT_VERSION = 1;
				DEVELOPMENT_TEAM = "";
				"DEVELOPMENT_TEAM[sdk=iphoneos*]" = VB78Y67GX6;
				GENERATE_INFOPLIST_FILE = YES;
				IPHONEOS_DEPLOYMENT_TARGET = 16.4;
				MARKETING_VERSION = 1.0;
				PRODUCT_BUNDLE_IDENTIFIER = almapp.cybage.com;
				PRODUCT_NAME = "$(TARGET_NAME)";
				PROVISIONING_PROFILE_SPECIFIER = "";
				"PROVISIONING_PROFILE_SPECIFIER[sdk=iphoneos*]" = "ALM APP Dem0";
				SWIFT_EMIT_LOC_STRINGS = NO;
				SWIFT_VERSION = 5.0;
				TARGETED_DEVICE_FAMILY = "1,2";
				TEST_HOST = "$(BUILT_PRODUCTS_DIR)/ALM APP Dem0.app/$(BUNDLE_EXECUTABLE_FOLDER_PATH)/ALM APP Dem0";
			};
			name = Debug;
		};
		C3B5828D2AAB4E3B00322E27 /* Release */ = {
			isa = XCBuildConfiguration;
			buildSettings = {
				ALWAYS_EMBED_SWIFT_STANDARD_LIBRARIES = YES;
				BUNDLE_LOADER = "$(TEST_HOST)";
				"CODE_SIGN_IDENTITY[sdk=iphoneos*]" = "iPhone Distribution";
				CODE_SIGN_STYLE = Manual;
				CURRENT_PROJECT_VERSION = 1;
				DEVELOPMENT_TEAM = "";
				"DEVELOPMENT_TEAM[sdk=iphoneos*]" = VB78Y67GX6;
				GENERATE_INFOPLIST_FILE = YES;
				IPHONEOS_DEPLOYMENT_TARGET = 16.4;
				MARKETING_VERSION = 1.0;
				PRODUCT_BUNDLE_IDENTIFIER = almapp.cybage.com;
				PRODUCT_NAME = "$(TARGET_NAME)";
				PROVISIONING_PROFILE_SPECIFIER = "";
				"PROVISIONING_PROFILE_SPECIFIER[sdk=iphoneos*]" = "ALM APP Dem0";
				SWIFT_EMIT_LOC_STRINGS = NO;
				SWIFT_VERSION = 5.0;
				TARGETED_DEVICE_FAMILY = "1,2";
				TEST_HOST = "$(BUILT_PRODUCTS_DIR)/ALM APP Dem0.app/$(BUNDLE_EXECUTABLE_FOLDER_PATH)/ALM APP Dem0";
			};
			name = Release;
		};
/* End XCBuildConfiguration section */

/* Begin XCConfigurationList section */
		C3B5825F2AAB4E3700322E27 /* Build configuration list for PBXProject "ALM APP Dem0" */ = {
			isa = XCConfigurationList;
			buildConfigurations = (
				C3B582862AAB4E3B00322E27 /* Debug */,
				C3B582872AAB4E3B00322E27 /* Release */,
			);
			defaultConfigurationIsVisible = 0;
			defaultConfigurationName = Release;
		};
		C3B582882AAB4E3B00322E27 /* Build configuration list for PBXNativeTarget "ALM APP Dem0" */ = {
			isa = XCConfigurationList;
			buildConfigurations = (
				C3B582892AAB4E3B00322E27 /* Debug */,
				C3B5828A2AAB4E3B00322E27 /* Release */,
			);
			defaultConfigurationIsVisible = 0;
			defaultConfigurationName = Release;
		};
		C3B5828B2AAB4E3B00322E27 /* Build configuration list for PBXNativeTarget "ALM APP Dem0Tests" */ = {
			isa = XCConfigurationList;
			buildConfigurations = (
				C3B5828C2AAB4E3B00322E27 /* Debug */,
				C3B5828D2AAB4E3B00322E27 /* Release */,
			);
			defaultConfigurationIsVisible = 0;
			defaultConfigurationName = Release;
		};
/* End XCConfigurationList section */
	};
	rootObject = C3B5825C2AAB4E3700322E27 /* Project object */;
}
